
Microsoft Visual Studio Solution File, Format Version 12.00
# Visual Studio Version 16
VisualStudioVersion = 16.0.31624.102
MinimumVisualStudioVersion = 10.0.40219.1
Project("{8BC9CEB8-8B4A-11D0-8D11-00A0C91BC942}") = "测试代码", "测试代码\测试代码.vcxproj", "{A76B5750-BE5B-4D91-BD67-24E5184CB053}"
EndProject
Global
	GlobalSection(SolutionConfigurationPlatforms) = preSolution
		Debug|x64 = Debug|x64
		Debug|x86 = Debug|x86
		Release|x64 = Release|x64
		Release|x86 = Release|x86
	EndGlobalSection
	GlobalSection(ProjectConfigurationPlatforms) = postSolution
		{A76B5750-BE5B-4D91-BD67-24E5184CB053}.Debug|x64.ActiveCfg = Debug|x64
		{A76B5750-BE5B-4D91-BD67-24E5184CB053}.Debug|x64.Build.0 = Debug|x64
		{A76B5750-BE5B-4D91-BD67-24E5184CB053}.Debug|x86.ActiveCfg = Debug|Win32
		{A76B5750-BE5B-4D91-BD67-24E5184CB053}.Debug|x86.Build.0 = Debug|Win32
		{A76B5750-BE5B-4D91-BD67-24E5184CB053}.Release|x64.ActiveCfg = Release|x64
		{A76B5750-BE5B-4D91-BD67-24E5184CB053}.Release|x64.Build.0 = Release|x64
		{A76B5750-BE5B-4D91-BD67-24E5184CB053}.Release|x86.ActiveCfg = Release|Win32
		{A76B5750-BE5B-4D91-BD67-24E5184CB053}.Release|x86.Build.0 = Release|Win32
	EndGlobalSection
	GlobalSection(SolutionProperties) = preSolution
		HideSolutionNode = FALSE
	EndGlobalSection
	GlobalSection(ExtensibilityGlobals) = postSolution
		SolutionGuid = {B2101453-25BE-4733-8DA9-6EDD080E4A53}
	EndGlobalSection
EndGlobal
